// !$*UTF8*$!
{
	archiveVersion = 1;
	classes = {
	};
	objectVersion = 56;
	objects = {

/* Begin PBXBuildFile section */
		9E8967132B81E58700BAA53B /* OnbordingPresenter.swift in Sources */ = {isa = PBXBuildFile; fileRef = 9E89670E2B81E58700BAA53B /* OnbordingPresenter.swift */; };
		9E8967142B81E58700BAA53B /* OnbordingRouter.swift in Sources */ = {isa = PBXBuildFile; fileRef = 9E89670F2B81E58700BAA53B /* OnbordingRouter.swift */; };
		9E8967152B81E58700BAA53B /* OnbordingViewController.swift in Sources */ = {isa = PBXBuildFile; fileRef = 9E8967102B81E58700BAA53B /* OnbordingViewController.swift */; };
		9E8967162B81E58700BAA53B /* OnbordingProtocols.swift in Sources */ = {isa = PBXBuildFile; fileRef = 9E8967112B81E58700BAA53B /* OnbordingProtocols.swift */; };
		9E8967172B81E58700BAA53B /* OnbordingInteractor.swift in Sources */ = {isa = PBXBuildFile; fileRef = 9E8967122B81E58700BAA53B /* OnbordingInteractor.swift */; };
		9E8967192B81E5AC00BAA53B /* UserDefault.swift in Sources */ = {isa = PBXBuildFile; fileRef = 9E8967182B81E5AC00BAA53B /* UserDefault.swift */; };
		9E89671B2B81E6A000BAA53B /* UserSettings.swift in Sources */ = {isa = PBXBuildFile; fileRef = 9E89671A2B81E6A000BAA53B /* UserSettings.swift */; };
		9E89671E2B81EBDE00BAA53B /* CombineMoya in Frameworks */ = {isa = PBXBuildFile; productRef = 9E89671D2B81EBDE00BAA53B /* CombineMoya */; };
		9E8967202B81EBDE00BAA53B /* Moya in Frameworks */ = {isa = PBXBuildFile; productRef = 9E89671F2B81EBDE00BAA53B /* Moya */; };
		9E8967222B81EBDE00BAA53B /* ReactiveMoya in Frameworks */ = {isa = PBXBuildFile; productRef = 9E8967212B81EBDE00BAA53B /* ReactiveMoya */; };
		9E8967242B81EBDE00BAA53B /* RxMoya in Frameworks */ = {isa = PBXBuildFile; productRef = 9E8967232B81EBDE00BAA53B /* RxMoya */; };
		9E8967272B81EC3900BAA53B /* UIViewController + Ext.swift in Sources */ = {isa = PBXBuildFile; fileRef = 9E8967262B81EC3900BAA53B /* UIViewController + Ext.swift */; };
		9E89672A2B81EC8300BAA53B /* NVActivityIndicatorView in Frameworks */ = {isa = PBXBuildFile; productRef = 9E8967292B81EC8300BAA53B /* NVActivityIndicatorView */; };
		9E89672C2B81EC8300BAA53B /* NVActivityIndicatorViewExtended in Frameworks */ = {isa = PBXBuildFile; productRef = 9E89672B2B81EC8300BAA53B /* NVActivityIndicatorViewExtended */; };
		9E89672F2B81EE8E00BAA53B /* swiftgen.config.yml in Resources */ = {isa = PBXBuildFile; fileRef = 9E89672E2B81EE8E00BAA53B /* swiftgen.config.yml */; };
		9E8967312B81F1B300BAA53B /* template.stencil in Sources */ = {isa = PBXBuildFile; fileRef = 9E8967302B81F1B300BAA53B /* template.stencil */; };
		9E8967332B82051100BAA53B /* Assets.generated.swift in Sources */ = {isa = PBXBuildFile; fileRef = 9E8967322B82051100BAA53B /* Assets.generated.swift */; };
		9E8967372B820A1000BAA53B /* LoadableViewController.swift in Sources */ = {isa = PBXBuildFile; fileRef = 9E8967362B820A1000BAA53B /* LoadableViewController.swift */; };
		9E8967392B82119200BAA53B /* Colors.xcassets in Resources */ = {isa = PBXBuildFile; fileRef = 9E8967382B82119200BAA53B /* Colors.xcassets */; };
		9EA0274B2B81E0860046B1C1 /* AppDelegate.swift in Sources */ = {isa = PBXBuildFile; fileRef = 9EA0274A2B81E0860046B1C1 /* AppDelegate.swift */; };
		9EA0274D2B81E0860046B1C1 /* SceneDelegate.swift in Sources */ = {isa = PBXBuildFile; fileRef = 9EA0274C2B81E0860046B1C1 /* SceneDelegate.swift */; };
		9EA027542B81E0880046B1C1 /* Assets.xcassets in Resources */ = {isa = PBXBuildFile; fileRef = 9EA027532B81E0880046B1C1 /* Assets.xcassets */; };
		9EA027572B81E0880046B1C1 /* LaunchScreen.storyboard in Resources */ = {isa = PBXBuildFile; fileRef = 9EA027552B81E0880046B1C1 /* LaunchScreen.storyboard */; };
		9EA027682B81E1E00046B1C1 /* DashboardPresenter.swift in Sources */ = {isa = PBXBuildFile; fileRef = 9EA027632B81E1E00046B1C1 /* DashboardPresenter.swift */; };
		9EA027692B81E1E00046B1C1 /* DashboardRouter.swift in Sources */ = {isa = PBXBuildFile; fileRef = 9EA027642B81E1E00046B1C1 /* DashboardRouter.swift */; };
		9EA0276A2B81E1E00046B1C1 /* DashboardViewController.swift in Sources */ = {isa = PBXBuildFile; fileRef = 9EA027652B81E1E00046B1C1 /* DashboardViewController.swift */; };
		9EA0276B2B81E1E00046B1C1 /* DashboardProtocols.swift in Sources */ = {isa = PBXBuildFile; fileRef = 9EA027662B81E1E00046B1C1 /* DashboardProtocols.swift */; };
		9EA0276C2B81E1E00046B1C1 /* DashboardInteractor.swift in Sources */ = {isa = PBXBuildFile; fileRef = 9EA027672B81E1E00046B1C1 /* DashboardInteractor.swift */; };
/* End PBXBuildFile section */

/* Begin PBXFileReference section */
		9E89670E2B81E58700BAA53B /* OnbordingPresenter.swift */ = {isa = PBXFileReference; lastKnownFileType = sourcecode.swift; path = OnbordingPresenter.swift; sourceTree = "<group>"; };
		9E89670F2B81E58700BAA53B /* OnbordingRouter.swift */ = {isa = PBXFileReference; lastKnownFileType = sourcecode.swift; path = OnbordingRouter.swift; sourceTree = "<group>"; };
		9E8967102B81E58700BAA53B /* OnbordingViewController.swift */ = {isa = PBXFileReference; lastKnownFileType = sourcecode.swift; path = OnbordingViewController.swift; sourceTree = "<group>"; };
		9E8967112B81E58700BAA53B /* OnbordingProtocols.swift */ = {isa = PBXFileReference; lastKnownFileType = sourcecode.swift; path = OnbordingProtocols.swift; sourceTree = "<group>"; };
		9E8967122B81E58700BAA53B /* OnbordingInteractor.swift */ = {isa = PBXFileReference; lastKnownFileType = sourcecode.swift; path = OnbordingInteractor.swift; sourceTree = "<group>"; };
		9E8967182B81E5AC00BAA53B /* UserDefault.swift */ = {isa = PBXFileReference; lastKnownFileType = sourcecode.swift; path = UserDefault.swift; sourceTree = "<group>"; };
		9E89671A2B81E6A000BAA53B /* UserSettings.swift */ = {isa = PBXFileReference; lastKnownFileType = sourcecode.swift; path = UserSettings.swift; sourceTree = "<group>"; };
		9E8967262B81EC3900BAA53B /* UIViewController + Ext.swift */ = {isa = PBXFileReference; lastKnownFileType = sourcecode.swift; path = "UIViewController + Ext.swift"; sourceTree = "<group>"; };
		9E89672E2B81EE8E00BAA53B /* swiftgen.config.yml */ = {isa = PBXFileReference; lastKnownFileType = text.yaml; path = swiftgen.config.yml; sourceTree = "<group>"; };
		9E8967302B81F1B300BAA53B /* template.stencil */ = {isa = PBXFileReference; lastKnownFileType = text; path = template.stencil; sourceTree = "<group>"; };
		9E8967322B82051100BAA53B /* Assets.generated.swift */ = {isa = PBXFileReference; lastKnownFileType = sourcecode.swift; path = Assets.generated.swift; sourceTree = "<group>"; };
		9E8967362B820A1000BAA53B /* LoadableViewController.swift */ = {isa = PBXFileReference; lastKnownFileType = sourcecode.swift; path = LoadableViewController.swift; sourceTree = "<group>"; };
		9E8967382B82119200BAA53B /* Colors.xcassets */ = {isa = PBXFileReference; lastKnownFileType = folder.assetcatalog; path = Colors.xcassets; sourceTree = "<group>"; };
		9EA027472B81E0860046B1C1 /* OlympIt.app */ = {isa = PBXFileReference; explicitFileType = wrapper.application; includeInIndex = 0; path = OlympIt.app; sourceTree = BUILT_PRODUCTS_DIR; };
		9EA0274A2B81E0860046B1C1 /* AppDelegate.swift */ = {isa = PBXFileReference; lastKnownFileType = sourcecode.swift; path = AppDelegate.swift; sourceTree = "<group>"; };
		9EA0274C2B81E0860046B1C1 /* SceneDelegate.swift */ = {isa = PBXFileReference; lastKnownFileType = sourcecode.swift; path = SceneDelegate.swift; sourceTree = "<group>"; };
		9EA027532B81E0880046B1C1 /* Assets.xcassets */ = {isa = PBXFileReference; lastKnownFileType = folder.assetcatalog; path = Assets.xcassets; sourceTree = "<group>"; };
		9EA027562B81E0880046B1C1 /* Base */ = {isa = PBXFileReference; lastKnownFileType = file.storyboard; name = Base; path = Base.lproj/LaunchScreen.storyboard; sourceTree = "<group>"; };
		9EA027582B81E0880046B1C1 /* Info.plist */ = {isa = PBXFileReference; lastKnownFileType = text.plist.xml; path = Info.plist; sourceTree = "<group>"; };
		9EA027632B81E1E00046B1C1 /* DashboardPresenter.swift */ = {isa = PBXFileReference; lastKnownFileType = sourcecode.swift; path = DashboardPresenter.swift; sourceTree = "<group>"; };
		9EA027642B81E1E00046B1C1 /* DashboardRouter.swift */ = {isa = PBXFileReference; lastKnownFileType = sourcecode.swift; path = DashboardRouter.swift; sourceTree = "<group>"; };
		9EA027652B81E1E00046B1C1 /* DashboardViewController.swift */ = {isa = PBXFileReference; lastKnownFileType = sourcecode.swift; path = DashboardViewController.swift; sourceTree = "<group>"; };
		9EA027662B81E1E00046B1C1 /* DashboardProtocols.swift */ = {isa = PBXFileReference; lastKnownFileType = sourcecode.swift; path = DashboardProtocols.swift; sourceTree = "<group>"; };
		9EA027672B81E1E00046B1C1 /* DashboardInteractor.swift */ = {isa = PBXFileReference; lastKnownFileType = sourcecode.swift; path = DashboardInteractor.swift; sourceTree = "<group>"; };
/* End PBXFileReference section */

/* Begin PBXFrameworksBuildPhase section */
		9EA027442B81E0860046B1C1 /* Frameworks */ = {
			isa = PBXFrameworksBuildPhase;
			buildActionMask = 2147483647;
			files = (
				9E8967202B81EBDE00BAA53B /* Moya in Frameworks */,
				9E89672A2B81EC8300BAA53B /* NVActivityIndicatorView in Frameworks */,
				9E89671E2B81EBDE00BAA53B /* CombineMoya in Frameworks */,
				9E89672C2B81EC8300BAA53B /* NVActivityIndicatorViewExtended in Frameworks */,
				9E8967242B81EBDE00BAA53B /* RxMoya in Frameworks */,
				9E8967222B81EBDE00BAA53B /* ReactiveMoya in Frameworks */,
			);
			runOnlyForDeploymentPostprocessing = 0;
		};
/* End PBXFrameworksBuildPhase section */

/* Begin PBXGroup section */
		9E89670D2B81E48C00BAA53B /* UserDefaults */ = {
			isa = PBXGroup;
			children = (
				9E8967182B81E5AC00BAA53B /* UserDefault.swift */,
			);
			path = UserDefaults;
			sourceTree = "<group>";
		};
		9E8967252B81EC2700BAA53B /* Extensions */ = {
			isa = PBXGroup;
			children = (
				9E8967262B81EC3900BAA53B /* UIViewController + Ext.swift */,
			);
			path = Extensions;
			sourceTree = "<group>";
		};
		9E89672D2B81EE5E00BAA53B /* SwiftGen */ = {
			isa = PBXGroup;
			children = (
				9E89672E2B81EE8E00BAA53B /* swiftgen.config.yml */,
				9E8967302B81F1B300BAA53B /* template.stencil */,
				9E8967322B82051100BAA53B /* Assets.generated.swift */,
			);
			path = SwiftGen;
			sourceTree = "<group>";
		};
		9E8967352B820A0000BAA53B /* Protocols */ = {
			isa = PBXGroup;
			children = (
				9E8967362B820A1000BAA53B /* LoadableViewController.swift */,
			);
			path = Protocols;
			sourceTree = "<group>";
		};
		9EA0273E2B81E0860046B1C1 = {
			isa = PBXGroup;
			children = (
				9EA027492B81E0860046B1C1 /* OlympIt */,
				9EA027482B81E0860046B1C1 /* Products */,
			);
			sourceTree = "<group>";
		};
		9EA027482B81E0860046B1C1 /* Products */ = {
			isa = PBXGroup;
			children = (
				9EA027472B81E0860046B1C1 /* OlympIt.app */,
			);
			name = Products;
			sourceTree = "<group>";
		};
		9EA027492B81E0860046B1C1 /* OlympIt */ = {
			isa = PBXGroup;
			children = (
				9E89672D2B81EE5E00BAA53B /* SwiftGen */,
				9EA0275F2B81E0AA0046B1C1 /* App */,
				9EA027612B81E0BA0046B1C1 /* Core */,
				9EA027602B81E0B30046B1C1 /* Services */,
				9EA027622B81E0DB0046B1C1 /* Modules */,
				9EA0275E2B81E0A30046B1C1 /* Resources */,
			);
			path = OlympIt;
			sourceTree = "<group>";
		};
		9EA0275E2B81E0A30046B1C1 /* Resources */ = {
			isa = PBXGroup;
			children = (
				9EA027532B81E0880046B1C1 /* Assets.xcassets */,
				9E8967382B82119200BAA53B /* Colors.xcassets */,
				9EA027552B81E0880046B1C1 /* LaunchScreen.storyboard */,
				9EA027582B81E0880046B1C1 /* Info.plist */,
			);
			path = Resources;
			sourceTree = "<group>";
		};
		9EA0275F2B81E0AA0046B1C1 /* App */ = {
			isa = PBXGroup;
			children = (
				9EA0274A2B81E0860046B1C1 /* AppDelegate.swift */,
				9EA0274C2B81E0860046B1C1 /* SceneDelegate.swift */,
				9E89671A2B81E6A000BAA53B /* UserSettings.swift */,
			);
			path = App;
			sourceTree = "<group>";
		};
		9EA027602B81E0B30046B1C1 /* Services */ = {
			isa = PBXGroup;
			children = (
			);
			path = Services;
			sourceTree = "<group>";
		};
		9EA027612B81E0BA0046B1C1 /* Core */ = {
			isa = PBXGroup;
			children = (
				9E8967352B820A0000BAA53B /* Protocols */,
				9E8967252B81EC2700BAA53B /* Extensions */,
				9E89670D2B81E48C00BAA53B /* UserDefaults */,
			);
			path = Core;
			sourceTree = "<group>";
		};
		9EA027622B81E0DB0046B1C1 /* Modules */ = {
			isa = PBXGroup;
			children = (
				9EA0276E2B81E21E0046B1C1 /* Onbording */,
				9EA0276D2B81E2120046B1C1 /* Dashboard */,
			);
			path = Modules;
			sourceTree = "<group>";
		};
		9EA0276D2B81E2120046B1C1 /* Dashboard */ = {
			isa = PBXGroup;
			children = (
				9EA027632B81E1E00046B1C1 /* DashboardPresenter.swift */,
				9EA027642B81E1E00046B1C1 /* DashboardRouter.swift */,
				9EA027652B81E1E00046B1C1 /* DashboardViewController.swift */,
				9EA027662B81E1E00046B1C1 /* DashboardProtocols.swift */,
				9EA027672B81E1E00046B1C1 /* DashboardInteractor.swift */,
			);
			path = Dashboard;
			sourceTree = "<group>";
		};
		9EA0276E2B81E21E0046B1C1 /* Onbording */ = {
			isa = PBXGroup;
			children = (
				9E89670E2B81E58700BAA53B /* OnbordingPresenter.swift */,
				9E89670F2B81E58700BAA53B /* OnbordingRouter.swift */,
				9E8967102B81E58700BAA53B /* OnbordingViewController.swift */,
				9E8967112B81E58700BAA53B /* OnbordingProtocols.swift */,
				9E8967122B81E58700BAA53B /* OnbordingInteractor.swift */,
			);
			path = Onbording;
			sourceTree = "<group>";
		};
/* End PBXGroup section */

/* Begin PBXNativeTarget section */
		9EA027462B81E0860046B1C1 /* OlympIt */ = {
			isa = PBXNativeTarget;
			buildConfigurationList = 9EA0275B2B81E0880046B1C1 /* Build configuration list for PBXNativeTarget "OlympIt" */;
			buildPhases = (
				9EA027432B81E0860046B1C1 /* Sources */,
				9E8967342B82056100BAA53B /* Swift Gen */,
				9EA027442B81E0860046B1C1 /* Frameworks */,
				9EA027452B81E0860046B1C1 /* Resources */,
			);
			buildRules = (
			);
			dependencies = (
			);
			name = OlympIt;
			packageProductDependencies = (
				9E89671D2B81EBDE00BAA53B /* CombineMoya */,
				9E89671F2B81EBDE00BAA53B /* Moya */,
				9E8967212B81EBDE00BAA53B /* ReactiveMoya */,
				9E8967232B81EBDE00BAA53B /* RxMoya */,
				9E8967292B81EC8300BAA53B /* NVActivityIndicatorView */,
				9E89672B2B81EC8300BAA53B /* NVActivityIndicatorViewExtended */,
			);
			productName = OlympIt;
			productReference = 9EA027472B81E0860046B1C1 /* OlympIt.app */;
			productType = "com.apple.product-type.application";
		};
/* End PBXNativeTarget section */

/* Begin PBXProject section */
		9EA0273F2B81E0860046B1C1 /* Project object */ = {
			isa = PBXProject;
			attributes = {
				BuildIndependentTargetsInParallel = 1;
				LastSwiftUpdateCheck = 1500;
				LastUpgradeCheck = 1500;
				TargetAttributes = {
					9EA027462B81E0860046B1C1 = {
						CreatedOnToolsVersion = 15.0;
					};
				};
			};
			buildConfigurationList = 9EA027422B81E0860046B1C1 /* Build configuration list for PBXProject "OlympIt" */;
			compatibilityVersion = "Xcode 14.0";
			developmentRegion = en;
			hasScannedForEncodings = 0;
			knownRegions = (
				en,
				Base,
			);
			mainGroup = 9EA0273E2B81E0860046B1C1;
			packageReferences = (
				9E89671C2B81EBDE00BAA53B /* XCRemoteSwiftPackageReference "Moya" */,
				9E8967282B81EC8300BAA53B /* XCRemoteSwiftPackageReference "NVActivityIndicatorView" */,
			);
			productRefGroup = 9EA027482B81E0860046B1C1 /* Products */;
			projectDirPath = "";
			projectRoot = "";
			targets = (
				9EA027462B81E0860046B1C1 /* OlympIt */,
			);
		};
/* End PBXProject section */

/* Begin PBXResourcesBuildPhase section */
		9EA027452B81E0860046B1C1 /* Resources */ = {
			isa = PBXResourcesBuildPhase;
			buildActionMask = 2147483647;
			files = (
				9EA027572B81E0880046B1C1 /* LaunchScreen.storyboard in Resources */,
				9E8967392B82119200BAA53B /* Colors.xcassets in Resources */,
				9E89672F2B81EE8E00BAA53B /* swiftgen.config.yml in Resources */,
				9EA027542B81E0880046B1C1 /* Assets.xcassets in Resources */,
			);
			runOnlyForDeploymentPostprocessing = 0;
		};
/* End PBXResourcesBuildPhase section */

/* Begin PBXShellScriptBuildPhase section */
		9E8967342B82056100BAA53B /* Swift Gen */ = {
			isa = PBXShellScriptBuildPhase;
			buildActionMask = 2147483647;
			files = (
			);
			inputFileListPaths = (
			);
			inputPaths = (
			);
			name = "Swift Gen";
			outputFileListPaths = (
			);
			outputPaths = (
			);
			runOnlyForDeploymentPostprocessing = 0;
			shellPath = /bin/sh;
			shellScript = "# Type a script or drag a script file from your workspace to insert its path.\nexport PATH=\"$PATH:/opt/homebrew/bin\"\nif which swiftgen >& /dev/null; then\n  swiftgen config run --config OlympIt/SwiftGen/swiftgen.config.yml\nelse\n  echo \"error: SwiftGen not installed, download from https://github.com/SwiftGen/SwiftGen\"\nfi\n";
		};
/* End PBXShellScriptBuildPhase section */

/* Begin PBXSourcesBuildPhase section */
		9EA027432B81E0860046B1C1 /* Sources */ = {
			isa = PBXSourcesBuildPhase;
			buildActionMask = 2147483647;
			files = (
				9EA0274B2B81E0860046B1C1 /* AppDelegate.swift in Sources */,
				9EA027692B81E1E00046B1C1 /* DashboardRouter.swift in Sources */,
				9EA0276B2B81E1E00046B1C1 /* DashboardProtocols.swift in Sources */,
				9E8967152B81E58700BAA53B /* OnbordingViewController.swift in Sources */,
				9EA0276C2B81E1E00046B1C1 /* DashboardInteractor.swift in Sources */,
				9E8967172B81E58700BAA53B /* OnbordingInteractor.swift in Sources */,
				9EA0276A2B81E1E00046B1C1 /* DashboardViewController.swift in Sources */,
				9E8967132B81E58700BAA53B /* OnbordingPresenter.swift in Sources */,
				9E8967372B820A1000BAA53B /* LoadableViewController.swift in Sources */,
				9E8967192B81E5AC00BAA53B /* UserDefault.swift in Sources */,
				9E8967332B82051100BAA53B /* Assets.generated.swift in Sources */,
				9E8967142B81E58700BAA53B /* OnbordingRouter.swift in Sources */,
				9E8967162B81E58700BAA53B /* OnbordingProtocols.swift in Sources */,
				9E89671B2B81E6A000BAA53B /* UserSettings.swift in Sources */,
				9EA0274D2B81E0860046B1C1 /* SceneDelegate.swift in Sources */,
				9E8967312B81F1B300BAA53B /* template.stencil in Sources */,
				9E8967272B81EC3900BAA53B /* UIViewController + Ext.swift in Sources */,
				9EA027682B81E1E00046B1C1 /* DashboardPresenter.swift in Sources */,
			);
			runOnlyForDeploymentPostprocessing = 0;
		};
/* End PBXSourcesBuildPhase section */

/* Begin PBXVariantGroup section */
		9EA027552B81E0880046B1C1 /* LaunchScreen.storyboard */ = {
			isa = PBXVariantGroup;
			children = (
				9EA027562B81E0880046B1C1 /* Base */,
			);
			name = LaunchScreen.storyboard;
			sourceTree = "<group>";
		};
/* End PBXVariantGroup section */

/* Begin XCBuildConfiguration section */
		9EA027592B81E0880046B1C1 /* Debug */ = {
			isa = XCBuildConfiguration;
			buildSettings = {
				ALWAYS_SEARCH_USER_PATHS = NO;
				ASSETCATALOG_COMPILER_GENERATE_SWIFT_ASSET_SYMBOL_EXTENSIONS = YES;
				CLANG_ANALYZER_NONNULL = YES;
				CLANG_ANALYZER_NUMBER_OBJECT_CONVERSION = YES_AGGRESSIVE;
				CLANG_CXX_LANGUAGE_STANDARD = "gnu++20";
				CLANG_ENABLE_MODULES = YES;
				CLANG_ENABLE_OBJC_ARC = YES;
				CLANG_ENABLE_OBJC_WEAK = YES;
				CLANG_WARN_BLOCK_CAPTURE_AUTORELEASING = YES;
				CLANG_WARN_BOOL_CONVERSION = YES;
				CLANG_WARN_COMMA = YES;
				CLANG_WARN_CONSTANT_CONVERSION = YES;
				CLANG_WARN_DEPRECATED_OBJC_IMPLEMENTATIONS = YES;
				CLANG_WARN_DIRECT_OBJC_ISA_USAGE = YES_ERROR;
				CLANG_WARN_DOCUMENTATION_COMMENTS = YES;
				CLANG_WARN_EMPTY_BODY = YES;
				CLANG_WARN_ENUM_CONVERSION = YES;
				CLANG_WARN_INFINITE_RECURSION = YES;
				CLANG_WARN_INT_CONVERSION = YES;
				CLANG_WARN_NON_LITERAL_NULL_CONVERSION = YES;
				CLANG_WARN_OBJC_IMPLICIT_RETAIN_SELF = YES;
				CLANG_WARN_OBJC_LITERAL_CONVERSION = YES;
				CLANG_WARN_OBJC_ROOT_CLASS = YES_ERROR;
				CLANG_WARN_QUOTED_INCLUDE_IN_FRAMEWORK_HEADER = YES;
				CLANG_WARN_RANGE_LOOP_ANALYSIS = YES;
				CLANG_WARN_STRICT_PROTOTYPES = YES;
				CLANG_WARN_SUSPICIOUS_MOVE = YES;
				CLANG_WARN_UNGUARDED_AVAILABILITY = YES_AGGRESSIVE;
				CLANG_WARN_UNREACHABLE_CODE = YES;
				CLANG_WARN__DUPLICATE_METHOD_MATCH = YES;
				COPY_PHASE_STRIP = NO;
				DEBUG_INFORMATION_FORMAT = dwarf;
				ENABLE_STRICT_OBJC_MSGSEND = YES;
				ENABLE_TESTABILITY = YES;
				ENABLE_USER_SCRIPT_SANDBOXING = NO;
				GCC_C_LANGUAGE_STANDARD = gnu17;
				GCC_DYNAMIC_NO_PIC = NO;
				GCC_NO_COMMON_BLOCKS = YES;
				GCC_OPTIMIZATION_LEVEL = 0;
				GCC_PREPROCESSOR_DEFINITIONS = (
					"DEBUG=1",
					"$(inherited)",
				);
				GCC_WARN_64_TO_32_BIT_CONVERSION = YES;
				GCC_WARN_ABOUT_RETURN_TYPE = YES_ERROR;
				GCC_WARN_UNDECLARED_SELECTOR = YES;
				GCC_WARN_UNINITIALIZED_AUTOS = YES_AGGRESSIVE;
				GCC_WARN_UNUSED_FUNCTION = YES;
				GCC_WARN_UNUSED_VARIABLE = YES;
				IPHONEOS_DEPLOYMENT_TARGET = 17.0;
				LOCALIZATION_PREFERS_STRING_CATALOGS = YES;
				MTL_ENABLE_DEBUG_INFO = INCLUDE_SOURCE;
				MTL_FAST_MATH = YES;
				ONLY_ACTIVE_ARCH = YES;
				SDKROOT = iphoneos;
				SWIFT_ACTIVE_COMPILATION_CONDITIONS = "DEBUG $(inherited)";
				SWIFT_OPTIMIZATION_LEVEL = "-Onone";
			};
			name = Debug;
		};
		9EA0275A2B81E0880046B1C1 /* Release */ = {
			isa = XCBuildConfiguration;
			buildSettings = {
				ALWAYS_SEARCH_USER_PATHS = NO;
				ASSETCATALOG_COMPILER_GENERATE_SWIFT_ASSET_SYMBOL_EXTENSIONS = YES;
				CLANG_ANALYZER_NONNULL = YES;
				CLANG_ANALYZER_NUMBER_OBJECT_CONVERSION = YES_AGGRESSIVE;
				CLANG_CXX_LANGUAGE_STANDARD = "gnu++20";
				CLANG_ENABLE_MODULES = YES;
				CLANG_ENABLE_OBJC_ARC = YES;
				CLANG_ENABLE_OBJC_WEAK = YES;
				CLANG_WARN_BLOCK_CAPTURE_AUTORELEASING = YES;
				CLANG_WARN_BOOL_CONVERSION = YES;
				CLANG_WARN_COMMA = YES;
				CLANG_WARN_CONSTANT_CONVERSION = YES;
				CLANG_WARN_DEPRECATED_OBJC_IMPLEMENTATIONS = YES;
				CLANG_WARN_DIRECT_OBJC_ISA_USAGE = YES_ERROR;
				CLANG_WARN_DOCUMENTATION_COMMENTS = YES;
				CLANG_WARN_EMPTY_BODY = YES;
				CLANG_WARN_ENUM_CONVERSION = YES;
				CLANG_WARN_INFINITE_RECURSION = YES;
				CLANG_WARN_INT_CONVERSION = YES;
				CLANG_WARN_NON_LITERAL_NULL_CONVERSION = YES;
				CLANG_WARN_OBJC_IMPLICIT_RETAIN_SELF = YES;
				CLANG_WARN_OBJC_LITERAL_CONVERSION = YES;
				CLANG_WARN_OBJC_ROOT_CLASS = YES_ERROR;
				CLANG_WARN_QUOTED_INCLUDE_IN_FRAMEWORK_HEADER = YES;
				CLANG_WARN_RANGE_LOOP_ANALYSIS = YES;
				CLANG_WARN_STRICT_PROTOTYPES = YES;
				CLANG_WARN_SUSPICIOUS_MOVE = YES;
				CLANG_WARN_UNGUARDED_AVAILABILITY = YES_AGGRESSIVE;
				CLANG_WARN_UNREACHABLE_CODE = YES;
				CLANG_WARN__DUPLICATE_METHOD_MATCH = YES;
				COPY_PHASE_STRIP = NO;
				DEBUG_INFORMATION_FORMAT = "dwarf-with-dsym";
				ENABLE_NS_ASSERTIONS = NO;
				ENABLE_STRICT_OBJC_MSGSEND = YES;
				ENABLE_USER_SCRIPT_SANDBOXING = NO;
				GCC_C_LANGUAGE_STANDARD = gnu17;
				GCC_NO_COMMON_BLOCKS = YES;
				GCC_WARN_64_TO_32_BIT_CONVERSION = YES;
				GCC_WARN_ABOUT_RETURN_TYPE = YES_ERROR;
				GCC_WARN_UNDECLARED_SELECTOR = YES;
				GCC_WARN_UNINITIALIZED_AUTOS = YES_AGGRESSIVE;
				GCC_WARN_UNUSED_FUNCTION = YES;
				GCC_WARN_UNUSED_VARIABLE = YES;
				IPHONEOS_DEPLOYMENT_TARGET = 17.0;
				LOCALIZATION_PREFERS_STRING_CATALOGS = YES;
				MTL_ENABLE_DEBUG_INFO = NO;
				MTL_FAST_MATH = YES;
				SDKROOT = iphoneos;
				SWIFT_COMPILATION_MODE = wholemodule;
				VALIDATE_PRODUCT = YES;
			};
			name = Release;
		};
		9EA0275C2B81E0880046B1C1 /* Debug */ = {
			isa = XCBuildConfiguration;
			buildSettings = {
				ASSETCATALOG_COMPILER_APPICON_NAME = AppIcon;
				ASSETCATALOG_COMPILER_GLOBAL_ACCENT_COLOR_NAME = AccentColor;
				CODE_SIGN_STYLE = Automatic;
				CURRENT_PROJECT_VERSION = 1;
				DEVELOPMENT_TEAM = 532GA5V6NJ;
				GENERATE_INFOPLIST_FILE = YES;
				INFOPLIST_FILE = OlympIt/Resources/Info.plist;
				INFOPLIST_KEY_UIApplicationSupportsIndirectInputEvents = YES;
				INFOPLIST_KEY_UILaunchStoryboardName = LaunchScreen;
				INFOPLIST_KEY_UISupportedInterfaceOrientations = UIInterfaceOrientationPortrait;
				IPHONEOS_DEPLOYMENT_TARGET = 15.0;
				LD_RUNPATH_SEARCH_PATHS = (
					"$(inherited)",
					"@executable_path/Frameworks",
				);
				MARKETING_VERSION = 1.0;
				PRODUCT_BUNDLE_IDENTIFIER = com.naariman.OlympIt;
				PRODUCT_NAME = "$(TARGET_NAME)";
				SWIFT_EMIT_LOC_STRINGS = YES;
				SWIFT_VERSION = 5.0;
				TARGETED_DEVICE_FAMILY = "1,2";
			};
			name = Debug;
		};
		9EA0275D2B81E0880046B1C1 /* Release */ = {
			isa = XCBuildConfiguration;
			buildSettings = {
				ASSETCATALOG_COMPILER_APPICON_NAME = AppIcon;
				ASSETCATALOG_COMPILER_GLOBAL_ACCENT_COLOR_NAME = AccentColor;
				CODE_SIGN_STYLE = Automatic;
				CURRENT_PROJECT_VERSION = 1;
				DEVELOPMENT_TEAM = 532GA5V6NJ;
				GENERATE_INFOPLIST_FILE = YES;
				INFOPLIST_FILE = OlympIt/Resources/Info.plist;
				INFOPLIST_KEY_UIApplicationSupportsIndirectInputEvents = YES;
				INFOPLIST_KEY_UILaunchStoryboardName = LaunchScreen;
				INFOPLIST_KEY_UISupportedInterfaceOrientations = UIInterfaceOrientationPortrait;
				IPHONEOS_DEPLOYMENT_TARGET = 15.0;
				LD_RUNPATH_SEARCH_PATHS = (
					"$(inherited)",
					"@executable_path/Frameworks",
				);
				MARKETING_VERSION = 1.0;
				PRODUCT_BUNDLE_IDENTIFIER = com.naariman.OlympIt;
				PRODUCT_NAME = "$(TARGET_NAME)";
				SWIFT_EMIT_LOC_STRINGS = YES;
				SWIFT_VERSION = 5.0;
				TARGETED_DEVICE_FAMILY = "1,2";
			};
			name = Release;
		};
/* End XCBuildConfiguration section */

/* Begin XCConfigurationList section */
		9EA027422B81E0860046B1C1 /* Build configuration list for PBXProject "OlympIt" */ = {
			isa = XCConfigurationList;
			buildConfigurations = (
				9EA027592B81E0880046B1C1 /* Debug */,
				9EA0275A2B81E0880046B1C1 /* Release */,
			);
			defaultConfigurationIsVisible = 0;
			defaultConfigurationName = Release;
		};
		9EA0275B2B81E0880046B1C1 /* Build configuration list for PBXNativeTarget "OlympIt" */ = {
			isa = XCConfigurationList;
			buildConfigurations = (
				9EA0275C2B81E0880046B1C1 /* Debug */,
				9EA0275D2B81E0880046B1C1 /* Release */,
			);
			defaultConfigurationIsVisible = 0;
			defaultConfigurationName = Release;
		};
/* End XCConfigurationList section */

/* Begin XCRemoteSwiftPackageReference section */
		9E89671C2B81EBDE00BAA53B /* XCRemoteSwiftPackageReference "Moya" */ = {
			isa = XCRemoteSwiftPackageReference;
			repositoryURL = "https://github.com/Moya/Moya.git";
			requirement = {
				kind = upToNextMajorVersion;
				minimumVersion = 15.0.3;
			};
		};
		9E8967282B81EC8300BAA53B /* XCRemoteSwiftPackageReference "NVActivityIndicatorView" */ = {
			isa = XCRemoteSwiftPackageReference;
			repositoryURL = "https://github.com/ninjaprox/NVActivityIndicatorView.git";
			requirement = {
				kind = upToNextMajorVersion;
				minimumVersion = 5.1.1;
			};
		};
/* End XCRemoteSwiftPackageReference section */

/* Begin XCSwiftPackageProductDependency section */
		9E89671D2B81EBDE00BAA53B /* CombineMoya */ = {
			isa = XCSwiftPackageProductDependency;
			package = 9E89671C2B81EBDE00BAA53B /* XCRemoteSwiftPackageReference "Moya" */;
			productName = CombineMoya;
		};
		9E89671F2B81EBDE00BAA53B /* Moya */ = {
			isa = XCSwiftPackageProductDependency;
			package = 9E89671C2B81EBDE00BAA53B /* XCRemoteSwiftPackageReference "Moya" */;
			productName = Moya;
		};
		9E8967212B81EBDE00BAA53B /* ReactiveMoya */ = {
			isa = XCSwiftPackageProductDependency;
			package = 9E89671C2B81EBDE00BAA53B /* XCRemoteSwiftPackageReference "Moya" */;
			productName = ReactiveMoya;
		};
		9E8967232B81EBDE00BAA53B /* RxMoya */ = {
			isa = XCSwiftPackageProductDependency;
			package = 9E89671C2B81EBDE00BAA53B /* XCRemoteSwiftPackageReference "Moya" */;
			productName = RxMoya;
		};
		9E8967292B81EC8300BAA53B /* NVActivityIndicatorView */ = {
			isa = XCSwiftPackageProductDependency;
			package = 9E8967282B81EC8300BAA53B /* XCRemoteSwiftPackageReference "NVActivityIndicatorView" */;
			productName = NVActivityIndicatorView;
		};
		9E89672B2B81EC8300BAA53B /* NVActivityIndicatorViewExtended */ = {
			isa = XCSwiftPackageProductDependency;
			package = 9E8967282B81EC8300BAA53B /* XCRemoteSwiftPackageReference "NVActivityIndicatorView" */;
			productName = NVActivityIndicatorViewExtended;
		};
/* End XCSwiftPackageProductDependency section */
	};
	rootObject = 9EA0273F2B81E0860046B1C1 /* Project object */;
}
